// !$*UTF8*$!
{
	archiveVersion = 1;
	classes = {
	};
	objectVersion = 55;
	objects = {

/* Begin PBXBuildFile section */
		A5A1B90C273D3E5D00B0A6A4 /* PushNotificationApp.swift in Sources */ = {isa = PBXBuildFile; fileRef = A5A1B90B273D3E5D00B0A6A4 /* PushNotificationApp.swift */; };
		A5A1B90E273D3E5D00B0A6A4 /* ContentView.swift in Sources */ = {isa = PBXBuildFile; fileRef = A5A1B90D273D3E5D00B0A6A4 /* ContentView.swift */; };
		A5A1B910273D3E5E00B0A6A4 /* Assets.xcassets in Resources */ = {isa = PBXBuildFile; fileRef = A5A1B90F273D3E5E00B0A6A4 /* Assets.xcassets */; };
		A5A1B913273D3E5E00B0A6A4 /* Preview Assets.xcassets in Resources */ = {isa = PBXBuildFile; fileRef = A5A1B912273D3E5E00B0A6A4 /* Preview Assets.xcassets */; };
		A5A1B91D273D3E5E00B0A6A4 /* PushNotificationTests.swift in Sources */ = {isa = PBXBuildFile; fileRef = A5A1B91C273D3E5E00B0A6A4 /* PushNotificationTests.swift */; };
		A5A1B927273D3E5E00B0A6A4 /* PushNotificationUITests.swift in Sources */ = {isa = PBXBuildFile; fileRef = A5A1B926273D3E5E00B0A6A4 /* PushNotificationUITests.swift */; };
		A5A1B929273D3E5E00B0A6A4 /* PushNotificationUITestsLaunchTests.swift in Sources */ = {isa = PBXBuildFile; fileRef = A5A1B928273D3E5E00B0A6A4 /* PushNotificationUITestsLaunchTests.swift */; };
		A5A1B936273D40A400B0A6A4 /* AppDelegate.swift in Sources */ = {isa = PBXBuildFile; fileRef = A5A1B935273D40A400B0A6A4 /* AppDelegate.swift */; };
		A5A1B938273D40CA00B0A6A4 /* NotificationCenter.swift in Sources */ = {isa = PBXBuildFile; fileRef = A5A1B937273D40CA00B0A6A4 /* NotificationCenter.swift */; };
		A5A1B93A273D411D00B0A6A4 /* LocalNotification.swift in Sources */ = {isa = PBXBuildFile; fileRef = A5A1B939273D411D00B0A6A4 /* LocalNotification.swift */; };
		A5A1B93C273D415900B0A6A4 /* PageView.swift in Sources */ = {isa = PBXBuildFile; fileRef = A5A1B93B273D415900B0A6A4 /* PageView.swift */; };
		A5A1B93E273D418D00B0A6A4 /* LocalNotificationDemoView.swift in Sources */ = {isa = PBXBuildFile; fileRef = A5A1B93D273D418D00B0A6A4 /* LocalNotificationDemoView.swift */; };
/* End PBXBuildFile section */

/* Begin PBXContainerItemProxy section */
		A5A1B919273D3E5E00B0A6A4 /* PBXContainerItemProxy */ = {
			isa = PBXContainerItemProxy;
			containerPortal = A5A1B900273D3E5D00B0A6A4 /* Project object */;
			proxyType = 1;
			remoteGlobalIDString = A5A1B907273D3E5D00B0A6A4;
			remoteInfo = PushNotification;
		};
		A5A1B923273D3E5E00B0A6A4 /* PBXContainerItemProxy */ = {
			isa = PBXContainerItemProxy;
			containerPortal = A5A1B900273D3E5D00B0A6A4 /* Project object */;
			proxyType = 1;
			remoteGlobalIDString = A5A1B907273D3E5D00B0A6A4;
			remoteInfo = PushNotification;
		};
/* End PBXContainerItemProxy section */

/* Begin PBXFileReference section */
		A5A1B908273D3E5D00B0A6A4 /* PushNotification.app */ = {isa = PBXFileReference; explicitFileType = wrapper.application; includeInIndex = 0; path = PushNotification.app; sourceTree = BUILT_PRODUCTS_DIR; };
		A5A1B90B273D3E5D00B0A6A4 /* PushNotificationApp.swift */ = {isa = PBXFileReference; lastKnownFileType = sourcecode.swift; path = PushNotificationApp.swift; sourceTree = "<group>"; };
		A5A1B90D273D3E5D00B0A6A4 /* ContentView.swift */ = {isa = PBXFileReference; lastKnownFileType = sourcecode.swift; path = ContentView.swift; sourceTree = "<group>"; };
		A5A1B90F273D3E5E00B0A6A4 /* Assets.xcassets */ = {isa = PBXFileReference; lastKnownFileType = folder.assetcatalog; path = Assets.xcassets; sourceTree = "<group>"; };
		A5A1B912273D3E5E00B0A6A4 /* Preview Assets.xcassets */ = {isa = PBXFileReference; lastKnownFileType = folder.assetcatalog; path = "Preview Assets.xcassets"; sourceTree = "<group>"; };
		A5A1B918273D3E5E00B0A6A4 /* PushNotificationTests.xctest */ = {isa = PBXFileReference; explicitFileType = wrapper.cfbundle; includeInIndex = 0; path = PushNotificationTests.xctest; sourceTree = BUILT_PRODUCTS_DIR; };
		A5A1B91C273D3E5E00B0A6A4 /* PushNotificationTests.swift */ = {isa = PBXFileReference; lastKnownFileType = sourcecode.swift; path = PushNotificationTests.swift; sourceTree = "<group>"; };
		A5A1B922273D3E5E00B0A6A4 /* PushNotificationUITests.xctest */ = {isa = PBXFileReference; explicitFileType = wrapper.cfbundle; includeInIndex = 0; path = PushNotificationUITests.xctest; sourceTree = BUILT_PRODUCTS_DIR; };
		A5A1B926273D3E5E00B0A6A4 /* PushNotificationUITests.swift */ = {isa = PBXFileReference; lastKnownFileType = sourcecode.swift; path = PushNotificationUITests.swift; sourceTree = "<group>"; };
		A5A1B928273D3E5E00B0A6A4 /* PushNotificationUITestsLaunchTests.swift */ = {isa = PBXFileReference; lastKnownFileType = sourcecode.swift; path = PushNotificationUITestsLaunchTests.swift; sourceTree = "<group>"; };
		A5A1B935273D40A400B0A6A4 /* AppDelegate.swift */ = {isa = PBXFileReference; lastKnownFileType = sourcecode.swift; path = AppDelegate.swift; sourceTree = "<group>"; };
		A5A1B937273D40CA00B0A6A4 /* NotificationCenter.swift */ = {isa = PBXFileReference; lastKnownFileType = sourcecode.swift; path = NotificationCenter.swift; sourceTree = "<group>"; };
		A5A1B939273D411D00B0A6A4 /* LocalNotification.swift */ = {isa = PBXFileReference; lastKnownFileType = sourcecode.swift; path = LocalNotification.swift; sourceTree = "<group>"; };
		A5A1B93B273D415900B0A6A4 /* PageView.swift */ = {isa = PBXFileReference; lastKnownFileType = sourcecode.swift; path = PageView.swift; sourceTree = "<group>"; };
		A5A1B93D273D418D00B0A6A4 /* LocalNotificationDemoView.swift */ = {isa = PBXFileReference; lastKnownFileType = sourcecode.swift; path = LocalNotificationDemoView.swift; sourceTree = "<group>"; };
/* End PBXFileReference section */

/* Begin PBXFrameworksBuildPhase section */
		A5A1B905273D3E5D00B0A6A4 /* Frameworks */ = {
			isa = PBXFrameworksBuildPhase;
			buildActionMask = 2147483647;
			files = (
			);
			runOnlyForDeploymentPostprocessing = 0;
		};
		A5A1B915273D3E5E00B0A6A4 /* Frameworks */ = {
			isa = PBXFrameworksBuildPhase;
			buildActionMask = 2147483647;
			files = (
			);
			runOnlyForDeploymentPostprocessing = 0;
		};
		A5A1B91F273D3E5E00B0A6A4 /* Frameworks */ = {
			isa = PBXFrameworksBuildPhase;
			buildActionMask = 2147483647;
			files = (
			);
			runOnlyForDeploymentPostprocessing = 0;
		};
/* End PBXFrameworksBuildPhase section */

/* Begin PBXGroup section */
		A5A1B8FF273D3E5D00B0A6A4 = {
			isa = PBXGroup;
			children = (
				A5A1B90A273D3E5D00B0A6A4 /* PushNotification */,
				A5A1B91B273D3E5E00B0A6A4 /* PushNotificationTests */,
				A5A1B925273D3E5E00B0A6A4 /* PushNotificationUITests */,
				A5A1B909273D3E5D00B0A6A4 /* Products */,
			);
			sourceTree = "<group>";
		};
		A5A1B909273D3E5D00B0A6A4 /* Products */ = {
			isa = PBXGroup;
			children = (
				A5A1B908273D3E5D00B0A6A4 /* PushNotification.app */,
				A5A1B918273D3E5E00B0A6A4 /* PushNotificationTests.xctest */,
				A5A1B922273D3E5E00B0A6A4 /* PushNotificationUITests.xctest */,
			);
			name = Products;
			sourceTree = "<group>";
		};
		A5A1B90A273D3E5D00B0A6A4 /* PushNotification */ = {
			isa = PBXGroup;
			children = (
				A5A1B937273D40CA00B0A6A4 /* NotificationCenter.swift */,
				A5A1B935273D40A400B0A6A4 /* AppDelegate.swift */,
				A5A1B90B273D3E5D00B0A6A4 /* PushNotificationApp.swift */,
				A5A1B90D273D3E5D00B0A6A4 /* ContentView.swift */,
				A5A1B93B273D415900B0A6A4 /* PageView.swift */,
				A5A1B93D273D418D00B0A6A4 /* LocalNotificationDemoView.swift */,
				A5A1B939273D411D00B0A6A4 /* LocalNotification.swift */,
				A5A1B90F273D3E5E00B0A6A4 /* Assets.xcassets */,
				A5A1B911273D3E5E00B0A6A4 /* Preview Content */,
			);
			path = PushNotification;
			sourceTree = "<group>";
		};
		A5A1B911273D3E5E00B0A6A4 /* Preview Content */ = {
			isa = PBXGroup;
			children = (
				A5A1B912273D3E5E00B0A6A4 /* Preview Assets.xcassets */,
			);
			path = "Preview Content";
			sourceTree = "<group>";
		};
		A5A1B91B273D3E5E00B0A6A4 /* PushNotificationTests */ = {
			isa = PBXGroup;
			children = (
				A5A1B91C273D3E5E00B0A6A4 /* PushNotificationTests.swift */,
			);
			path = PushNotificationTests;
			sourceTree = "<group>";
		};
		A5A1B925273D3E5E00B0A6A4 /* PushNotificationUITests */ = {
			isa = PBXGroup;
			children = (
				A5A1B926273D3E5E00B0A6A4 /* PushNotificationUITests.swift */,
				A5A1B928273D3E5E00B0A6A4 /* PushNotificationUITestsLaunchTests.swift */,
			);
			path = PushNotificationUITests;
			sourceTree = "<group>";
		};
/* End PBXGroup section */

/* Begin PBXNativeTarget section */
		A5A1B907273D3E5D00B0A6A4 /* PushNotification */ = {
			isa = PBXNativeTarget;
			buildConfigurationList = A5A1B92C273D3E5E00B0A6A4 /* Build configuration list for PBXNativeTarget "PushNotification" */;
			buildPhases = (
				A5A1B904273D3E5D00B0A6A4 /* Sources */,
				A5A1B905273D3E5D00B0A6A4 /* Frameworks */,
				A5A1B906273D3E5D00B0A6A4 /* Resources */,
			);
			buildRules = (
			);
			dependencies = (
			);
			name = PushNotification;
			productName = PushNotification;
			productReference = A5A1B908273D3E5D00B0A6A4 /* PushNotification.app */;
			productType = "com.apple.product-type.application";
		};
		A5A1B917273D3E5E00B0A6A4 /* PushNotificationTests */ = {
			isa = PBXNativeTarget;
			buildConfigurationList = A5A1B92F273D3E5E00B0A6A4 /* Build configuration list for PBXNativeTarget "PushNotificationTests" */;
			buildPhases = (
				A5A1B914273D3E5E00B0A6A4 /* Sources */,
				A5A1B915273D3E5E00B0A6A4 /* Frameworks */,
				A5A1B916273D3E5E00B0A6A4 /* Resources */,
			);
			buildRules = (
			);
			dependencies = (
				A5A1B91A273D3E5E00B0A6A4 /* PBXTargetDependency */,
			);
			name = PushNotificationTests;
			productName = PushNotificationTests;
			productReference = A5A1B918273D3E5E00B0A6A4 /* PushNotificationTests.xctest */;
			productType = "com.apple.product-type.bundle.unit-test";
		};
		A5A1B921273D3E5E00B0A6A4 /* PushNotificationUITests */ = {
			isa = PBXNativeTarget;
			buildConfigurationList = A5A1B932273D3E5E00B0A6A4 /* Build configuration list for PBXNativeTarget "PushNotificationUITests" */;
			buildPhases = (
				A5A1B91E273D3E5E00B0A6A4 /* Sources */,
				A5A1B91F273D3E5E00B0A6A4 /* Frameworks */,
				A5A1B920273D3E5E00B0A6A4 /* Resources */,
			);
			buildRules = (
			);
			dependencies = (
				A5A1B924273D3E5E00B0A6A4 /* PBXTargetDependency */,
			);
			name = PushNotificationUITests;
			productName = PushNotificationUITests;
			productReference = A5A1B922273D3E5E00B0A6A4 /* PushNotificationUITests.xctest */;
			productType = "com.apple.product-type.bundle.ui-testing";
		};
/* End PBXNativeTarget section */

/* Begin PBXProject section */
		A5A1B900273D3E5D00B0A6A4 /* Project object */ = {
			isa = PBXProject;
			attributes = {
				BuildIndependentTargetsInParallel = 1;
				LastSwiftUpdateCheck = 1310;
				LastUpgradeCheck = 1310;
				TargetAttributes = {
					A5A1B907273D3E5D00B0A6A4 = {
						CreatedOnToolsVersion = 13.1;
					};
					A5A1B917273D3E5E00B0A6A4 = {
						CreatedOnToolsVersion = 13.1;
						TestTargetID = A5A1B907273D3E5D00B0A6A4;
					};
					A5A1B921273D3E5E00B0A6A4 = {
						CreatedOnToolsVersion = 13.1;
						TestTargetID = A5A1B907273D3E5D00B0A6A4;
					};
				};
			};
			buildConfigurationList = A5A1B903273D3E5D00B0A6A4 /* Build configuration list for PBXProject "PushNotification" */;
			compatibilityVersion = "Xcode 13.0";
			developmentRegion = en;
			hasScannedForEncodings = 0;
			knownRegions = (
				en,
				Base,
			);
			mainGroup = A5A1B8FF273D3E5D00B0A6A4;
			productRefGroup = A5A1B909273D3E5D00B0A6A4 /* Products */;
			projectDirPath = "";
			projectRoot = "";
			targets = (
				A5A1B907273D3E5D00B0A6A4 /* PushNotification */,
				A5A1B917273D3E5E00B0A6A4 /* PushNotificationTests */,
				A5A1B921273D3E5E00B0A6A4 /* PushNotificationUITests */,
			);
		};
/* End PBXProject section */

/* Begin PBXResourcesBuildPhase section */
		A5A1B906273D3E5D00B0A6A4 /* Resources */ = {
			isa = PBXResourcesBuildPhase;
			buildActionMask = 2147483647;
			files = (
				A5A1B913273D3E5E00B0A6A4 /* Preview Assets.xcassets in Resources */,
				A5A1B910273D3E5E00B0A6A4 /* Assets.xcassets in Resources */,
			);
			runOnlyForDeploymentPostprocessing = 0;
		};
		A5A1B916273D3E5E00B0A6A4 /* Resources */ = {
			isa = PBXResourcesBuildPhase;
			buildActionMask = 2147483647;
			files = (
			);
			runOnlyForDeploymentPostprocessing = 0;
		};
		A5A1B920273D3E5E00B0A6A4 /* Resources */ = {
			isa = PBXResourcesBuildPhase;
			buildActionMask = 2147483647;
			files = (
			);
			runOnlyForDeploymentPostprocessing = 0;
		};
/* End PBXResourcesBuildPhase section */

/* Begin PBXSourcesBuildPhase section */
		A5A1B904273D3E5D00B0A6A4 /* Sources */ = {
			isa = PBXSourcesBuildPhase;
			buildActionMask = 2147483647;
			files = (
				A5A1B936273D40A400B0A6A4 /* AppDelegate.swift in Sources */,
				A5A1B93C273D415900B0A6A4 /* PageView.swift in Sources */,
				A5A1B90E273D3E5D00B0A6A4 /* ContentView.swift in Sources */,
				A5A1B90C273D3E5D00B0A6A4 /* PushNotificationApp.swift in Sources */,
				A5A1B93E273D418D00B0A6A4 /* LocalNotificationDemoView.swift in Sources */,
				A5A1B93A273D411D00B0A6A4 /* LocalNotification.swift in Sources */,
				A5A1B938273D40CA00B0A6A4 /* NotificationCenter.swift in Sources */,
			);
			runOnlyForDeploymentPostprocessing = 0;
		};
		A5A1B914273D3E5E00B0A6A4 /* Sources */ = {
			isa = PBXSourcesBuildPhase;
			buildActionMask = 2147483647;
			files = (
				A5A1B91D273D3E5E00B0A6A4 /* PushNotificationTests.swift in Sources */,
			);
			runOnlyForDeploymentPostprocessing = 0;
		};
		A5A1B91E273D3E5E00B0A6A4 /* Sources */ = {
			isa = PBXSourcesBuildPhase;
			buildActionMask = 2147483647;
			files = (
				A5A1B927273D3E5E00B0A6A4 /* PushNotificationUITests.swift in Sources */,
				A5A1B929273D3E5E00B0A6A4 /* PushNotificationUITestsLaunchTests.swift in Sources */,
			);
			runOnlyForDeploymentPostprocessing = 0;
		};
/* End PBXSourcesBuildPhase section */

/* Begin PBXTargetDependency section */
		A5A1B91A273D3E5E00B0A6A4 /* PBXTargetDependency */ = {
			isa = PBXTargetDependency;
			target = A5A1B907273D3E5D00B0A6A4 /* PushNotification */;
			targetProxy = A5A1B919273D3E5E00B0A6A4 /* PBXContainerItemProxy */;
		};
		A5A1B924273D3E5E00B0A6A4 /* PBXTargetDependency */ = {
			isa = PBXTargetDependency;
			target = A5A1B907273D3E5D00B0A6A4 /* PushNotification */;
			targetProxy = A5A1B923273D3E5E00B0A6A4 /* PBXContainerItemProxy */;
		};
/* End PBXTargetDependency section */

/* Begin XCBuildConfiguration section */
		A5A1B92A273D3E5E00B0A6A4 /* Debug */ = {
			isa = XCBuildConfiguration;
			buildSettings = {
				ALWAYS_SEARCH_USER_PATHS = NO;
				CLANG_ANALYZER_NONNULL = YES;
				CLANG_ANALYZER_NUMBER_OBJECT_CONVERSION = YES_AGGRESSIVE;
				CLANG_CXX_LANGUAGE_STANDARD = "gnu++17";
				CLANG_CXX_LIBRARY = "libc++";
				CLANG_ENABLE_MODULES = YES;
				CLANG_ENABLE_OBJC_ARC = YES;
				CLANG_ENABLE_OBJC_WEAK = YES;
				CLANG_WARN_BLOCK_CAPTURE_AUTORELEASING = YES;
				CLANG_WARN_BOOL_CONVERSION = YES;
				CLANG_WARN_COMMA = YES;
				CLANG_WARN_CONSTANT_CONVERSION = YES;
				CLANG_WARN_DEPRECATED_OBJC_IMPLEMENTATIONS = YES;
				CLANG_WARN_DIRECT_OBJC_ISA_USAGE = YES_ERROR;
				CLANG_WARN_DOCUMENTATION_COMMENTS = YES;
				CLANG_WARN_EMPTY_BODY = YES;
				CLANG_WARN_ENUM_CONVERSION = YES;
				CLANG_WARN_INFINITE_RECURSION = YES;
				CLANG_WARN_INT_CONVERSION = YES;
				CLANG_WARN_NON_LITERAL_NULL_CONVERSION = YES;
				CLANG_WARN_OBJC_IMPLICIT_RETAIN_SELF = YES;
				CLANG_WARN_OBJC_LITERAL_CONVERSION = YES;
				CLANG_WARN_OBJC_ROOT_CLASS = YES_ERROR;
				CLANG_WARN_QUOTED_INCLUDE_IN_FRAMEWORK_HEADER = YES;
				CLANG_WARN_RANGE_LOOP_ANALYSIS = YES;
				CLANG_WARN_STRICT_PROTOTYPES = YES;
				CLANG_WARN_SUSPICIOUS_MOVE = YES;
				CLANG_WARN_UNGUARDED_AVAILABILITY = YES_AGGRESSIVE;
				CLANG_WARN_UNREACHABLE_CODE = YES;
				CLANG_WARN__DUPLICATE_METHOD_MATCH = YES;
				COPY_PHASE_STRIP = NO;
				DEBUG_INFORMATION_FORMAT = dwarf;
				ENABLE_STRICT_OBJC_MSGSEND = YES;
				ENABLE_TESTABILITY = YES;
				GCC_C_LANGUAGE_STANDARD = gnu11;
				GCC_DYNAMIC_NO_PIC = NO;
				GCC_NO_COMMON_BLOCKS = YES;
				GCC_OPTIMIZATION_LEVEL = 0;
				GCC_PREPROCESSOR_DEFINITIONS = (
					"DEBUG=1",
					"$(inherited)",
				);
				GCC_WARN_64_TO_32_BIT_CONVERSION = YES;
				GCC_WARN_ABOUT_RETURN_TYPE = YES_ERROR;
				GCC_WARN_UNDECLARED_SELECTOR = YES;
				GCC_WARN_UNINITIALIZED_AUTOS = YES_AGGRESSIVE;
				GCC_WARN_UNUSED_FUNCTION = YES;
				GCC_WARN_UNUSED_VARIABLE = YES;
				IPHONEOS_DEPLOYMENT_TARGET = 15.0;
				MTL_ENABLE_DEBUG_INFO = INCLUDE_SOURCE;
				MTL_FAST_MATH = YES;
				ONLY_ACTIVE_ARCH = YES;
				SDKROOT = iphoneos;
				SWIFT_ACTIVE_COMPILATION_CONDITIONS = DEBUG;
				SWIFT_OPTIMIZATION_LEVEL = "-Onone";
			};
			name = Debug;
		};
		A5A1B92B273D3E5E00B0A6A4 /* Release */ = {
			isa = XCBuildConfiguration;
			buildSettings = {
				ALWAYS_SEARCH_USER_PATHS = NO;
				CLANG_ANALYZER_NONNULL = YES;
				CLANG_ANALYZER_NUMBER_OBJECT_CONVERSION = YES_AGGRESSIVE;
				CLANG_CXX_LANGUAGE_STANDARD = "gnu++17";
				CLANG_CXX_LIBRARY = "libc++";
				CLANG_ENABLE_MODULES = YES;
				CLANG_ENABLE_OBJC_ARC = YES;
				CLANG_ENABLE_OBJC_WEAK = YES;
				CLANG_WARN_BLOCK_CAPTURE_AUTORELEASING = YES;
				CLANG_WARN_BOOL_CONVERSION = YES;
				CLANG_WARN_COMMA = YES;
				CLANG_WARN_CONSTANT_CONVERSION = YES;
				CLANG_WARN_DEPRECATED_OBJC_IMPLEMENTATIONS = YES;
				CLANG_WARN_DIRECT_OBJC_ISA_USAGE = YES_ERROR;
				CLANG_WARN_DOCUMENTATION_COMMENTS = YES;
				CLANG_WARN_EMPTY_BODY = YES;
				CLANG_WARN_ENUM_CONVERSION = YES;
				CLANG_WARN_INFINITE_RECURSION = YES;
				CLANG_WARN_INT_CONVERSION = YES;
				CLANG_WARN_NON_LITERAL_NULL_CONVERSION = YES;
				CLANG_WARN_OBJC_IMPLICIT_RETAIN_SELF = YES;
				CLANG_WARN_OBJC_LITERAL_CONVERSION = YES;
				CLANG_WARN_OBJC_ROOT_CLASS = YES_ERROR;
				CLANG_WARN_QUOTED_INCLUDE_IN_FRAMEWORK_HEADER = YES;
				CLANG_WARN_RANGE_LOOP_ANALYSIS = YES;
				CLANG_WARN_STRICT_PROTOTYPES = YES;
				CLANG_WARN_SUSPICIOUS_MOVE = YES;
				CLANG_WARN_UNGUARDED_AVAILABILITY = YES_AGGRESSIVE;
				CLANG_WARN_UNREACHABLE_CODE = YES;
				CLANG_WARN__DUPLICATE_METHOD_MATCH = YES;
				COPY_PHASE_STRIP = NO;
				DEBUG_INFORMATION_FORMAT = "dwarf-with-dsym";
				ENABLE_NS_ASSERTIONS = NO;
				ENABLE_STRICT_OBJC_MSGSEND = YES;
				GCC_C_LANGUAGE_STANDARD = gnu11;
				GCC_NO_COMMON_BLOCKS = YES;
				GCC_WARN_64_TO_32_BIT_CONVERSION = YES;
				GCC_WARN_ABOUT_RETURN_TYPE = YES_ERROR;
				GCC_WARN_UNDECLARED_SELECTOR = YES;
				GCC_WARN_UNINITIALIZED_AUTOS = YES_AGGRESSIVE;
				GCC_WARN_UNUSED_FUNCTION = YES;
				GCC_WARN_UNUSED_VARIABLE = YES;
				IPHONEOS_DEPLOYMENT_TARGET = 15.0;
				MTL_ENABLE_DEBUG_INFO = NO;
				MTL_FAST_MATH = YES;
				SDKROOT = iphoneos;
				SWIFT_COMPILATION_MODE = wholemodule;
				SWIFT_OPTIMIZATION_LEVEL = "-O";
				VALIDATE_PRODUCT = YES;
			};
			name = Release;
		};
		A5A1B92D273D3E5E00B0A6A4 /* Debug */ = {
			isa = XCBuildConfiguration;
			buildSettings = {
				ASSETCATALOG_COMPILER_APPICON_NAME = AppIcon;
				ASSETCATALOG_COMPILER_GLOBAL_ACCENT_COLOR_NAME = AccentColor;
				CODE_SIGN_STYLE = Automatic;
				CURRENT_PROJECT_VERSION = 1;
				DEVELOPMENT_ASSET_PATHS = "\"PushNotification/Preview Content\"";
				DEVELOPMENT_TEAM = A3S3L7HPNK;
				ENABLE_PREVIEWS = YES;
				GENERATE_INFOPLIST_FILE = YES;
				INFOPLIST_KEY_UIApplicationSceneManifest_Generation = YES;
				INFOPLIST_KEY_UIApplicationSupportsIndirectInputEvents = YES;
				INFOPLIST_KEY_UILaunchScreen_Generation = YES;
				INFOPLIST_KEY_UISupportedInterfaceOrientations_iPad = "UIInterfaceOrientationPortrait UIInterfaceOrientationPortraitUpsideDown UIInterfaceOrientationLandscapeLeft UIInterfaceOrientationLandscapeRight";
				INFOPLIST_KEY_UISupportedInterfaceOrientations_iPhone = "UIInterfaceOrientationPortrait UIInterfaceOrientationLandscapeLeft UIInterfaceOrientationLandscapeRight";
				LD_RUNPATH_SEARCH_PATHS = (
					"$(inherited)",
					"@executable_path/Frameworks",
				);
				MARKETING_VERSION = 1.0;
				PRODUCT_BUNDLE_IDENTIFIER = brsrld.PushNotification;
				PRODUCT_NAME = "$(TARGET_NAME)";
				SWIFT_EMIT_LOC_STRINGS = YES;
				SWIFT_VERSION = 5.0;
				TARGETED_DEVICE_FAMILY = "1,2";
			};
			name = Debug;
		};
		A5A1B92E273D3E5E00B0A6A4 /* Release */ = {
			isa = XCBuildConfiguration;
			buildSettings = {
				ASSETCATALOG_COMPILER_APPICON_NAME = AppIcon;
				ASSETCATALOG_COMPILER_GLOBAL_ACCENT_COLOR_NAME = AccentColor;
				CODE_SIGN_STYLE = Automatic;
				CURRENT_PROJECT_VERSION = 1;
				DEVELOPMENT_ASSET_PATHS = "\"PushNotification/Preview Content\"";
				DEVELOPMENT_TEAM = A3S3L7HPNK;
				ENABLE_PREVIEWS = YES;
				GENERATE_INFOPLIST_FILE = YES;
				INFOPLIST_KEY_UIApplicationSceneManifest_Generation = YES;
				INFOPLIST_KEY_UIApplicationSupportsIndirectInputEvents = YES;
				INFOPLIST_KEY_UILaunchScreen_Generation = YES;
				INFOPLIST_KEY_UISupportedInterfaceOrientations_iPad = "UIInterfaceOrientationPortrait UIInterfaceOrientationPortraitUpsideDown UIInterfaceOrientationLandscapeLeft UIInterfaceOrientationLandscapeRight";
				INFOPLIST_KEY_UISupportedInterfaceOrientations_iPhone = "UIInterfaceOrientationPortrait UIInterfaceOrientationLandscapeLeft UIInterfaceOrientationLandscapeRight";
				LD_RUNPATH_SEARCH_PATHS = (
					"$(inherited)",
					"@executable_path/Frameworks",
				);
				MARKETING_VERSION = 1.0;
				PRODUCT_BUNDLE_IDENTIFIER = brsrld.PushNotification;
				PRODUCT_NAME = "$(TARGET_NAME)";
				SWIFT_EMIT_LOC_STRINGS = YES;
				SWIFT_VERSION = 5.0;
				TARGETED_DEVICE_FAMILY = "1,2";
			};
			name = Release;
		};
		A5A1B930273D3E5E00B0A6A4 /* Debug */ = {
			isa = XCBuildConfiguration;
			buildSettings = {
				ALWAYS_EMBED_SWIFT_STANDARD_LIBRARIES = YES;
				BUNDLE_LOADER = "$(TEST_HOST)";
				CODE_SIGN_STYLE = Automatic;
				CURRENT_PROJECT_VERSION = 1;
				DEVELOPMENT_TEAM = A3S3L7HPNK;
				GENERATE_INFOPLIST_FILE = YES;
				IPHONEOS_DEPLOYMENT_TARGET = 15.0;
				LD_RUNPATH_SEARCH_PATHS = (
					"$(inherited)",
					"@executable_path/Frameworks",
					"@loader_path/Frameworks",
				);
				MARKETING_VERSION = 1.0;
				PRODUCT_BUNDLE_IDENTIFIER = brsrld.PushNotificationTests;
				PRODUCT_NAME = "$(TARGET_NAME)";
				SWIFT_EMIT_LOC_STRINGS = NO;
				SWIFT_VERSION = 5.0;
				TARGETED_DEVICE_FAMILY = "1,2";
				TEST_HOST = "$(BUILT_PRODUCTS_DIR)/PushNotification.app/PushNotification";
			};
			name = Debug;
		};
		A5A1B931273D3E5E00B0A6A4 /* Release */ = {
			isa = XCBuildConfiguration;
			buildSettings = {
				ALWAYS_EMBED_SWIFT_STANDARD_LIBRARIES = YES;
				BUNDLE_LOADER = "$(TEST_HOST)";
				CODE_SIGN_STYLE = Automatic;
				CURRENT_PROJECT_VERSION = 1;
				DEVELOPMENT_TEAM = A3S3L7HPNK;
				GENERATE_INFOPLIST_FILE = YES;
				IPHONEOS_DEPLOYMENT_TARGET = 15.0;
				LD_RUNPATH_SEARCH_PATHS = (
					"$(inherited)",
					"@executable_path/Frameworks",
					"@loader_path/Frameworks",
				);
				MARKETING_VERSION = 1.0;
				PRODUCT_BUNDLE_IDENTIFIER = brsrld.PushNotificationTests;
				PRODUCT_NAME = "$(TARGET_NAME)";
				SWIFT_EMIT_LOC_STRINGS = NO;
				SWIFT_VERSION = 5.0;
				TARGETED_DEVICE_FAMILY = "1,2";
				TEST_HOST = "$(BUILT_PRODUCTS_DIR)/PushNotification.app/PushNotification";
			};
			name = Release;
		};
		A5A1B933273D3E5E00B0A6A4 /* Debug */ = {
			isa = XCBuildConfiguration;
			buildSettings = {
				ALWAYS_EMBED_SWIFT_STANDARD_LIBRARIES = YES;
				CODE_SIGN_STYLE = Automatic;
				CURRENT_PROJECT_VERSION = 1;
				DEVELOPMENT_TEAM = A3S3L7HPNK;
				GENERATE_INFOPLIST_FILE = YES;
				LD_RUNPATH_SEARCH_PATHS = (
					"$(inherited)",
					"@executable_path/Frameworks",
					"@loader_path/Frameworks",
				);
				MARKETING_VERSION = 1.0;
				PRODUCT_BUNDLE_IDENTIFIER = brsrld.PushNotificationUITests;
				PRODUCT_NAME = "$(TARGET_NAME)";
				SWIFT_EMIT_LOC_STRINGS = NO;
				SWIFT_VERSION = 5.0;
				TARGETED_DEVICE_FAMILY = "1,2";
				TEST_TARGET_NAME = PushNotification;
			};
			name = Debug;
		};
		A5A1B934273D3E5E00B0A6A4 /* Release */ = {
			isa = XCBuildConfiguration;
			buildSettings = {
				ALWAYS_EMBED_SWIFT_STANDARD_LIBRARIES = YES;
				CODE_SIGN_STYLE = Automatic;
				CURRENT_PROJECT_VERSION = 1;
				DEVELOPMENT_TEAM = A3S3L7HPNK;
				GENERATE_INFOPLIST_FILE = YES;
				LD_RUNPATH_SEARCH_PATHS = (
					"$(inherited)",
					"@executable_path/Frameworks",
					"@loader_path/Frameworks",
				);
				MARKETING_VERSION = 1.0;
				PRODUCT_BUNDLE_IDENTIFIER = brsrld.PushNotificationUITests;
				PRODUCT_NAME = "$(TARGET_NAME)";
				SWIFT_EMIT_LOC_STRINGS = NO;
				SWIFT_VERSION = 5.0;
				TARGETED_DEVICE_FAMILY = "1,2";
				TEST_TARGET_NAME = PushNotification;
			};
			name = Release;
		};
/* End XCBuildConfiguration section */

/* Begin XCConfigurationList section */
		A5A1B903273D3E5D00B0A6A4 /* Build configuration list for PBXProject "PushNotification" */ = {
			isa = XCConfigurationList;
			buildConfigurations = (
				A5A1B92A273D3E5E00B0A6A4 /* Debug */,
				A5A1B92B273D3E5E00B0A6A4 /* Release */,
			);
			defaultConfigurationIsVisible = 0;
			defaultConfigurationName = Release;
		};
		A5A1B92C273D3E5E00B0A6A4 /* Build configuration list for PBXNativeTarget "PushNotification" */ = {
			isa = XCConfigurationList;
			buildConfigurations = (
				A5A1B92D273D3E5E00B0A6A4 /* Debug */,
				A5A1B92E273D3E5E00B0A6A4 /* Release */,
			);
			defaultConfigurationIsVisible = 0;
			defaultConfigurationName = Release;
		};
		A5A1B92F273D3E5E00B0A6A4 /* Build configuration list for PBXNativeTarget "PushNotificationTests" */ = {
			isa = XCConfigurationList;
			buildConfigurations = (
				A5A1B930273D3E5E00B0A6A4 /* Debug */,
				A5A1B931273D3E5E00B0A6A4 /* Release */,
			);
			defaultConfigurationIsVisible = 0;
			defaultConfigurationName = Release;
		};
		A5A1B932273D3E5E00B0A6A4 /* Build configuration list for PBXNativeTarget "PushNotificationUITests" */ = {
			isa = XCConfigurationList;
			buildConfigurations = (
				A5A1B933273D3E5E00B0A6A4 /* Debug */,
				A5A1B934273D3E5E00B0A6A4 /* Release */,
			);
			defaultConfigurationIsVisible = 0;
			defaultConfigurationName = Release;
		};
/* End XCConfigurationList section */
	};
	rootObject = A5A1B900273D3E5D00B0A6A4 /* Project object */;
}
